
Microsoft Visual Studio Solution File, Format Version 12.00
# Visual Studio 15
VisualStudioVersion = 15.0.27703.2000
MinimumVisualStudioVersion = 10.0.40219.1
Project("{8BC9CEB8-8B4A-11D0-8D11-00A0C91BC942}") = "PP12.Vector2D", "PP12.Vector2D\PP12.Vector2D.vcxproj", "{F0EC1D6E-A0E3-484B-AEDF-07F7859C4C5D}"
EndProject
Global
	GlobalSection(SolutionConfigurationPlatforms) = preSolution
		Debug|x64 = Debug|x64
		Debug|x86 = Debug|x86
		Release|x64 = Release|x64
		Release|x86 = Release|x86
	EndGlobalSection
	GlobalSection(ProjectConfigurationPlatforms) = postSolution
		{F0EC1D6E-A0E3-484B-AEDF-07F7859C4C5D}.Debug|x64.ActiveCfg = Debug|x64
		{F0EC1D6E-A0E3-484B-AEDF-07F7859C4C5D}.Debug|x64.Build.0 = Debug|x64
		{F0EC1D6E-A0E3-484B-AEDF-07F7859C4C5D}.Debug|x86.ActiveCfg = Debug|Win32
		{F0EC1D6E-A0E3-484B-AEDF-07F7859C4C5D}.Debug|x86.Build.0 = Debug|Win32
		{F0EC1D6E-A0E3-484B-AEDF-07F7859C4C5D}.Release|x64.ActiveCfg = Release|x64
		{F0EC1D6E-A0E3-484B-AEDF-07F7859C4C5D}.Release|x64.Build.0 = Release|x64
		{F0EC1D6E-A0E3-484B-AEDF-07F7859C4C5D}.Release|x86.ActiveCfg = Release|Win32
		{F0EC1D6E-A0E3-484B-AEDF-07F7859C4C5D}.Release|x86.Build.0 = Release|Win32
	EndGlobalSection
	GlobalSection(SolutionProperties) = preSolution
		HideSolutionNode = FALSE
	EndGlobalSection
	GlobalSection(ExtensibilityGlobals) = postSolution
		SolutionGuid = {38E403A9-03F2-48AE-8383-E549C1C1227B}
	EndGlobalSection
EndGlobal
